
Microsoft Visual Studio Solution File, Format Version 12.00
# Visual Studio Version 17
VisualStudioVersion = 17.5.2.0
MinimumVisualStudioVersion = 10.0.40219.1
Project("{2150E333-8FDC-42A3-9474-1A3956D46DE8}") = "apps", "apps", "{1787FE1D-075E-9E68-7218-25F1BD1BBEAB}"
EndProject
Project("{FAE04EC0-301F-11D3-BF4B-00C04F79EFBC}") = "Blog", "apps\Blog\Blog.csproj", "{9F4EB5CB-4741-41E8-B1DE-93DC778D1680}"
EndProject
Project("{FAE04EC0-301F-11D3-BF4B-00C04F79EFBC}") = "device", "apps\device\device.csproj", "{5E282BBB-D2AC-4CB6-9A36-D05F98B50DBD}"
EndProject
Project("{FAE04EC0-301F-11D3-BF4B-00C04F79EFBC}") = "rental", "apps\rental\rental.csproj", "{081D28E5-66E3-4D19-BF2A-75294D9516BB}"
EndProject
Project("{FAE04EC0-301F-11D3-BF4B-00C04F79EFBC}") = "complaint", "apps\complaint\complaint.csproj", "{CE75FF55-B796-4019-BFE7-8973EED85D34}"
EndProject
Project("{FAE04EC0-301F-11D3-BF4B-00C04F79EFBC}") = "review", "apps\review\review.csproj", "{D31026E2-E392-4461-B266-382631A560F0}"
EndProject
Global
	GlobalSection(SolutionConfigurationPlatforms) = preSolution
		Debug|Any CPU = Debug|Any CPU
		Debug|x64 = Debug|x64
		Debug|x86 = Debug|x86
		Release|Any CPU = Release|Any CPU
		Release|x64 = Release|x64
		Release|x86 = Release|x86
	EndGlobalSection
	GlobalSection(ProjectConfigurationPlatforms) = postSolution
		{9F4EB5CB-4741-41E8-B1DE-93DC778D1680}.Debug|Any CPU.ActiveCfg = Debug|Any CPU
		{9F4EB5CB-4741-41E8-B1DE-93DC778D1680}.Debug|Any CPU.Build.0 = Debug|Any CPU
		{9F4EB5CB-4741-41E8-B1DE-93DC778D1680}.Debug|x64.ActiveCfg = Debug|Any CPU
		{9F4EB5CB-4741-41E8-B1DE-93DC778D1680}.Debug|x64.Build.0 = Debug|Any CPU
		{9F4EB5CB-4741-41E8-B1DE-93DC778D1680}.Debug|x86.ActiveCfg = Debug|Any CPU
		{9F4EB5CB-4741-41E8-B1DE-93DC778D1680}.Debug|x86.Build.0 = Debug|Any CPU
		{9F4EB5CB-4741-41E8-B1DE-93DC778D1680}.Release|Any CPU.ActiveCfg = Release|Any CPU
		{9F4EB5CB-4741-41E8-B1DE-93DC778D1680}.Release|Any CPU.Build.0 = Release|Any CPU
		{9F4EB5CB-4741-41E8-B1DE-93DC778D1680}.Release|x64.ActiveCfg = Release|Any CPU
		{9F4EB5CB-4741-41E8-B1DE-93DC778D1680}.Release|x64.Build.0 = Release|Any CPU
		{9F4EB5CB-4741-41E8-B1DE-93DC778D1680}.Release|x86.ActiveCfg = Release|Any CPU
		{9F4EB5CB-4741-41E8-B1DE-93DC778D1680}.Release|x86.Build.0 = Release|Any CPU
		{5E282BBB-D2AC-4CB6-9A36-D05F98B50DBD}.Debug|Any CPU.ActiveCfg = Debug|Any CPU
		{5E282BBB-D2AC-4CB6-9A36-D05F98B50DBD}.Debug|Any CPU.Build.0 = Debug|Any CPU
		{5E282BBB-D2AC-4CB6-9A36-D05F98B50DBD}.Debug|x64.ActiveCfg = Debug|Any CPU
		{5E282BBB-D2AC-4CB6-9A36-D05F98B50DBD}.Debug|x64.Build.0 = Debug|Any CPU
		{5E282BBB-D2AC-4CB6-9A36-D05F98B50DBD}.Debug|x86.ActiveCfg = Debug|Any CPU
		{5E282BBB-D2AC-4CB6-9A36-D05F98B50DBD}.Debug|x86.Build.0 = Debug|Any CPU
		{5E282BBB-D2AC-4CB6-9A36-D05F98B50DBD}.Release|Any CPU.ActiveCfg = Release|Any CPU
		{5E282BBB-D2AC-4CB6-9A36-D05F98B50DBD}.Release|Any CPU.Build.0 = Release|Any CPU
		{5E282BBB-D2AC-4CB6-9A36-D05F98B50DBD}.Release|x64.ActiveCfg = Release|Any CPU
		{5E282BBB-D2AC-4CB6-9A36-D05F98B50DBD}.Release|x64.Build.0 = Release|Any CPU
		{5E282BBB-D2AC-4CB6-9A36-D05F98B50DBD}.Release|x86.ActiveCfg = Release|Any CPU
		{5E282BBB-D2AC-4CB6-9A36-D05F98B50DBD}.Release|x86.Build.0 = Release|Any CPU
		{081D28E5-66E3-4D19-BF2A-75294D9516BB}.Debug|Any CPU.ActiveCfg = Debug|Any CPU
		{081D28E5-66E3-4D19-BF2A-75294D9516BB}.Debug|Any CPU.Build.0 = Debug|Any CPU
		{081D28E5-66E3-4D19-BF2A-75294D9516BB}.Debug|x64.ActiveCfg = Debug|Any CPU
		{081D28E5-66E3-4D19-BF2A-75294D9516BB}.Debug|x64.Build.0 = Debug|Any CPU
		{081D28E5-66E3-4D19-BF2A-75294D9516BB}.Debug|x86.ActiveCfg = Debug|Any CPU
		{081D28E5-66E3-4D19-BF2A-75294D9516BB}.Debug|x86.Build.0 = Debug|Any CPU
		{081D28E5-66E3-4D19-BF2A-75294D9516BB}.Release|Any CPU.ActiveCfg = Release|Any CPU
		{081D28E5-66E3-4D19-BF2A-75294D9516BB}.Release|Any CPU.Build.0 = Release|Any CPU
		{081D28E5-66E3-4D19-BF2A-75294D9516BB}.Release|x64.ActiveCfg = Release|Any CPU
		{081D28E5-66E3-4D19-BF2A-75294D9516BB}.Release|x64.Build.0 = Release|Any CPU
		{081D28E5-66E3-4D19-BF2A-75294D9516BB}.Release|x86.ActiveCfg = Release|Any CPU
		{081D28E5-66E3-4D19-BF2A-75294D9516BB}.Release|x86.Build.0 = Release|Any CPU
		{CE75FF55-B796-4019-BFE7-8973EED85D34}.Debug|Any CPU.ActiveCfg = Debug|Any CPU
		{CE75FF55-B796-4019-BFE7-8973EED85D34}.Debug|Any CPU.Build.0 = Debug|Any CPU
		{CE75FF55-B796-4019-BFE7-8973EED85D34}.Debug|x64.ActiveCfg = Debug|Any CPU
		{CE75FF55-B796-4019-BFE7-8973EED85D34}.Debug|x64.Build.0 = Debug|Any CPU
		{CE75FF55-B796-4019-BFE7-8973EED85D34}.Debug|x86.ActiveCfg = Debug|Any CPU
		{CE75FF55-B796-4019-BFE7-8973EED85D34}.Debug|x86.Build.0 = Debug|Any CPU
		{CE75FF55-B796-4019-BFE7-8973EED85D34}.Release|Any CPU.ActiveCfg = Release|Any CPU
		{CE75FF55-B796-4019-BFE7-8973EED85D34}.Release|Any CPU.Build.0 = Release|Any CPU
		{CE75FF55-B796-4019-BFE7-8973EED85D34}.Release|x64.ActiveCfg = Release|Any CPU
		{CE75FF55-B796-4019-BFE7-8973EED85D34}.Release|x64.Build.0 = Release|Any CPU
		{CE75FF55-B796-4019-BFE7-8973EED85D34}.Release|x86.ActiveCfg = Release|Any CPU
		{CE75FF55-B796-4019-BFE7-8973EED85D34}.Release|x86.Build.0 = Release|Any CPU
		{D31026E2-E392-4461-B266-382631A560F0}.Debug|Any CPU.ActiveCfg = Debug|Any CPU
		{D31026E2-E392-4461-B266-382631A560F0}.Debug|Any CPU.Build.0 = Debug|Any CPU
		{D31026E2-E392-4461-B266-382631A560F0}.Debug|x64.ActiveCfg = Debug|Any CPU
		{D31026E2-E392-4461-B266-382631A560F0}.Debug|x64.Build.0 = Debug|Any CPU
		{D31026E2-E392-4461-B266-382631A560F0}.Debug|x86.ActiveCfg = Debug|Any CPU
		{D31026E2-E392-4461-B266-382631A560F0}.Debug|x86.Build.0 = Debug|Any CPU
		{D31026E2-E392-4461-B266-382631A560F0}.Release|Any CPU.ActiveCfg = Release|Any CPU
		{D31026E2-E392-4461-B266-382631A560F0}.Release|Any CPU.Build.0 = Release|Any CPU
		{D31026E2-E392-4461-B266-382631A560F0}.Release|x64.ActiveCfg = Release|Any CPU
		{D31026E2-E392-4461-B266-382631A560F0}.Release|x64.Build.0 = Release|Any CPU
		{D31026E2-E392-4461-B266-382631A560F0}.Release|x86.ActiveCfg = Release|Any CPU
		{D31026E2-E392-4461-B266-382631A560F0}.Release|x86.Build.0 = Release|Any CPU
	EndGlobalSection
	GlobalSection(SolutionProperties) = preSolution
		HideSolutionNode = FALSE
	EndGlobalSection
	GlobalSection(NestedProjects) = preSolution
		{5E282BBB-D2AC-4CB6-9A36-D05F98B50DBD} = {1787FE1D-075E-9E68-7218-25F1BD1BBEAB}
		{081D28E5-66E3-4D19-BF2A-75294D9516BB} = {1787FE1D-075E-9E68-7218-25F1BD1BBEAB}
		{CE75FF55-B796-4019-BFE7-8973EED85D34} = {1787FE1D-075E-9E68-7218-25F1BD1BBEAB}
		{D31026E2-E392-4461-B266-382631A560F0} = {1787FE1D-075E-9E68-7218-25F1BD1BBEAB}
	EndGlobalSection
	GlobalSection(ExtensibilityGlobals) = postSolution
		SolutionGuid = {0EB34FD4-95E6-4E67-A66F-A9D916B21013}
	EndGlobalSection
EndGlobal
